
Microsoft Visual Studio Solution File, Format Version 12.00
# Visual Studio 15
VisualStudioVersion = 15.0.26730.12
MinimumVisualStudioVersion = 10.0.40219.1
Project("{FAE04EC0-301F-11D3-BF4B-00C04F79EFBC}") = "Expr5", "Expr5\Expr5.csproj", "{9EC5E476-A184-465C-87A5-B243C627B748}"
EndProject
Global
	GlobalSection(SolutionConfigurationPlatforms) = preSolution
		Debug|Any CPU = Debug|Any CPU
		Release|Any CPU = Release|Any CPU
	EndGlobalSection
	GlobalSection(ProjectConfigurationPlatforms) = postSolution
		{9EC5E476-A184-465C-87A5-B243C627B748}.Debug|Any CPU.ActiveCfg = Debug|Any CPU
		{9EC5E476-A184-465C-87A5-B243C627B748}.Debug|Any CPU.Build.0 = Debug|Any CPU
		{9EC5E476-A184-465C-87A5-B243C627B748}.Release|Any CPU.ActiveCfg = Release|Any CPU
		{9EC5E476-A184-465C-87A5-B243C627B748}.Release|Any CPU.Build.0 = Release|Any CPU
	EndGlobalSection
	GlobalSection(SolutionProperties) = preSolution
		HideSolutionNode = FALSE
	EndGlobalSection
	GlobalSection(ExtensibilityGlobals) = postSolution
		SolutionGuid = {D861D026-F712-4482-9BEC-EC52565080AA}
	EndGlobalSection
EndGlobal
